
Microsoft Visual Studio Solution File, Format Version 12.00
# Visual Studio Version 17
VisualStudioVersion = 17.6.33815.320
MinimumVisualStudioVersion = 10.0.40219.1
Project("{9A19103F-16F7-4668-BE54-9A1E7A4F7556}") = "WebApi", "src\Architecture\WebApi.csproj", "{DF3C9A5B-2E1C-468F-9A6E-3CA484A04255}"
EndProject
Project("{9A19103F-16F7-4668-BE54-9A1E7A4F7556}") = "Domain", "src\Domain\Domain.csproj", "{78888602-1B3A-4BEE-9552-31920BF42864}"
EndProject
Project("{9A19103F-16F7-4668-BE54-9A1E7A4F7556}") = "Application", "src\Application\Application.csproj", "{15DBF745-1F85-4722-9264-3C5657E80B26}"
EndProject
Project("{9A19103F-16F7-4668-BE54-9A1E7A4F7556}") = "Infrastructure", "src\Infrastructure\Infrastructure.csproj", "{D52B3805-C894-4EAC-B29C-D8D014395D55}"
EndProject
Project("{2150E333-8FDC-42A3-9474-1A3956D46DE8}") = "src", "src", "{A2BB6802-433C-4390-B9F9-CFDDC904ACB1}"
EndProject
Project("{2150E333-8FDC-42A3-9474-1A3956D46DE8}") = "test", "test", "{C4E5C37E-1FDF-4926-A834-DC83E0B617BF}"
EndProject
Project("{9A19103F-16F7-4668-BE54-9A1E7A4F7556}") = "UnitTests", "test\UnitTests\UnitTests.csproj", "{718BBD95-6C30-4316-8CC5-DBCCB2DE8B63}"
EndProject
Project("{9A19103F-16F7-4668-BE54-9A1E7A4F7556}") = "ApplicationTests", "test\IntegrationTests\ApplicationTests.csproj", "{CF25AC74-7B35-442F-AF1E-89B4F55D083E}"
EndProject
Project("{FAE04EC0-301F-11D3-BF4B-00C04F79EFBC}") = "HostTests", "test\HostTests\HostTests.csproj", "{30E1F5CE-2766-4514-A5D0-FA492E837E84}"
EndProject
Project("{FAE04EC0-301F-11D3-BF4B-00C04F79EFBC}") = "Batch", "src\Batch\Batch.csproj", "{C710F016-8C3A-4BF8-B2A2-0E17A387385C}"
EndProject
Global
	GlobalSection(SolutionConfigurationPlatforms) = preSolution
		Debug|Any CPU = Debug|Any CPU
		Release|Any CPU = Release|Any CPU
	EndGlobalSection
	GlobalSection(ProjectConfigurationPlatforms) = postSolution
		{DF3C9A5B-2E1C-468F-9A6E-3CA484A04255}.Debug|Any CPU.ActiveCfg = Debug|Any CPU
		{DF3C9A5B-2E1C-468F-9A6E-3CA484A04255}.Debug|Any CPU.Build.0 = Debug|Any CPU
		{DF3C9A5B-2E1C-468F-9A6E-3CA484A04255}.Release|Any CPU.ActiveCfg = Release|Any CPU
		{DF3C9A5B-2E1C-468F-9A6E-3CA484A04255}.Release|Any CPU.Build.0 = Release|Any CPU
		{78888602-1B3A-4BEE-9552-31920BF42864}.Debug|Any CPU.ActiveCfg = Debug|Any CPU
		{78888602-1B3A-4BEE-9552-31920BF42864}.Debug|Any CPU.Build.0 = Debug|Any CPU
		{78888602-1B3A-4BEE-9552-31920BF42864}.Release|Any CPU.ActiveCfg = Release|Any CPU
		{78888602-1B3A-4BEE-9552-31920BF42864}.Release|Any CPU.Build.0 = Release|Any CPU
		{15DBF745-1F85-4722-9264-3C5657E80B26}.Debug|Any CPU.ActiveCfg = Debug|Any CPU
		{15DBF745-1F85-4722-9264-3C5657E80B26}.Debug|Any CPU.Build.0 = Debug|Any CPU
		{15DBF745-1F85-4722-9264-3C5657E80B26}.Release|Any CPU.ActiveCfg = Release|Any CPU
		{15DBF745-1F85-4722-9264-3C5657E80B26}.Release|Any CPU.Build.0 = Release|Any CPU
		{D52B3805-C894-4EAC-B29C-D8D014395D55}.Debug|Any CPU.ActiveCfg = Debug|Any CPU
		{D52B3805-C894-4EAC-B29C-D8D014395D55}.Debug|Any CPU.Build.0 = Debug|Any CPU
		{D52B3805-C894-4EAC-B29C-D8D014395D55}.Release|Any CPU.ActiveCfg = Release|Any CPU
		{D52B3805-C894-4EAC-B29C-D8D014395D55}.Release|Any CPU.Build.0 = Release|Any CPU
		{718BBD95-6C30-4316-8CC5-DBCCB2DE8B63}.Debug|Any CPU.ActiveCfg = Debug|Any CPU
		{718BBD95-6C30-4316-8CC5-DBCCB2DE8B63}.Debug|Any CPU.Build.0 = Debug|Any CPU
		{718BBD95-6C30-4316-8CC5-DBCCB2DE8B63}.Release|Any CPU.ActiveCfg = Release|Any CPU
		{718BBD95-6C30-4316-8CC5-DBCCB2DE8B63}.Release|Any CPU.Build.0 = Release|Any CPU
		{CF25AC74-7B35-442F-AF1E-89B4F55D083E}.Debug|Any CPU.ActiveCfg = Debug|Any CPU
		{CF25AC74-7B35-442F-AF1E-89B4F55D083E}.Debug|Any CPU.Build.0 = Debug|Any CPU
		{CF25AC74-7B35-442F-AF1E-89B4F55D083E}.Release|Any CPU.ActiveCfg = Release|Any CPU
		{CF25AC74-7B35-442F-AF1E-89B4F55D083E}.Release|Any CPU.Build.0 = Release|Any CPU
		{30E1F5CE-2766-4514-A5D0-FA492E837E84}.Debug|Any CPU.ActiveCfg = Debug|Any CPU
		{30E1F5CE-2766-4514-A5D0-FA492E837E84}.Debug|Any CPU.Build.0 = Debug|Any CPU
		{30E1F5CE-2766-4514-A5D0-FA492E837E84}.Release|Any CPU.ActiveCfg = Release|Any CPU
		{30E1F5CE-2766-4514-A5D0-FA492E837E84}.Release|Any CPU.Build.0 = Release|Any CPU
		{C710F016-8C3A-4BF8-B2A2-0E17A387385C}.Debug|Any CPU.ActiveCfg = Debug|Any CPU
		{C710F016-8C3A-4BF8-B2A2-0E17A387385C}.Debug|Any CPU.Build.0 = Debug|Any CPU
		{C710F016-8C3A-4BF8-B2A2-0E17A387385C}.Release|Any CPU.ActiveCfg = Release|Any CPU
		{C710F016-8C3A-4BF8-B2A2-0E17A387385C}.Release|Any CPU.Build.0 = Release|Any CPU
	EndGlobalSection
	GlobalSection(SolutionProperties) = preSolution
		HideSolutionNode = FALSE
	EndGlobalSection
	GlobalSection(NestedProjects) = preSolution
		{DF3C9A5B-2E1C-468F-9A6E-3CA484A04255} = {A2BB6802-433C-4390-B9F9-CFDDC904ACB1}
		{78888602-1B3A-4BEE-9552-31920BF42864} = {A2BB6802-433C-4390-B9F9-CFDDC904ACB1}
		{15DBF745-1F85-4722-9264-3C5657E80B26} = {A2BB6802-433C-4390-B9F9-CFDDC904ACB1}
		{D52B3805-C894-4EAC-B29C-D8D014395D55} = {A2BB6802-433C-4390-B9F9-CFDDC904ACB1}
		{718BBD95-6C30-4316-8CC5-DBCCB2DE8B63} = {C4E5C37E-1FDF-4926-A834-DC83E0B617BF}
		{CF25AC74-7B35-442F-AF1E-89B4F55D083E} = {C4E5C37E-1FDF-4926-A834-DC83E0B617BF}
		{30E1F5CE-2766-4514-A5D0-FA492E837E84} = {C4E5C37E-1FDF-4926-A834-DC83E0B617BF}
		{C710F016-8C3A-4BF8-B2A2-0E17A387385C} = {A2BB6802-433C-4390-B9F9-CFDDC904ACB1}
	EndGlobalSection
	GlobalSection(ExtensibilityGlobals) = postSolution
		SolutionGuid = {454C2FAA-0F58-43B9-B85A-C12C8BF7DE84}
	EndGlobalSection
EndGlobal
